
Microsoft Visual Studio Solution File, Format Version 12.00
# Visual Studio 15
VisualStudioVersion = 15.0.26430.15
MinimumVisualStudioVersion = 10.0.40219.1
Project("{FAE04EC0-301F-11D3-BF4B-00C04F79EFBC}") = "Vidalink.Tasklist.Application", "Vidalink.Tasklist.Application\Vidalink.Tasklist.Application.csproj", "{316CFAE4-D517-4116-8867-B7A540EF1C26}"
EndProject
Project("{FAE04EC0-301F-11D3-BF4B-00C04F79EFBC}") = "Vidalink.Tasklist.Repository", "Vidalink.Tasklist.Repository\Vidalink.Tasklist.Repository.csproj", "{F34CD6FB-9935-4B5D-BDE3-645B8270117D}"
EndProject
Project("{FAE04EC0-301F-11D3-BF4B-00C04F79EFBC}") = "Vidalink.Tasklist.Services", "Vidalink.Tasklist.Services\Vidalink.Tasklist.Services.csproj", "{8290EE46-D8A4-41DF-9B33-14AA265E9601}"
EndProject
Project("{FAE04EC0-301F-11D3-BF4B-00C04F79EFBC}") = "Vidalink.Tasklist.Model", "Vidalink.Tasklist.Model\Vidalink.Tasklist.Model.csproj", "{FEFB9124-93E2-498C-B6BA-074D17B28FF8}"
EndProject
Global
	GlobalSection(SolutionConfigurationPlatforms) = preSolution
		Debug|Any CPU = Debug|Any CPU
		Release|Any CPU = Release|Any CPU
	EndGlobalSection
	GlobalSection(ProjectConfigurationPlatforms) = postSolution
		{316CFAE4-D517-4116-8867-B7A540EF1C26}.Debug|Any CPU.ActiveCfg = Debug|Any CPU
		{316CFAE4-D517-4116-8867-B7A540EF1C26}.Debug|Any CPU.Build.0 = Debug|Any CPU
		{316CFAE4-D517-4116-8867-B7A540EF1C26}.Release|Any CPU.ActiveCfg = Release|Any CPU
		{316CFAE4-D517-4116-8867-B7A540EF1C26}.Release|Any CPU.Build.0 = Release|Any CPU
		{F34CD6FB-9935-4B5D-BDE3-645B8270117D}.Debug|Any CPU.ActiveCfg = Debug|Any CPU
		{F34CD6FB-9935-4B5D-BDE3-645B8270117D}.Debug|Any CPU.Build.0 = Debug|Any CPU
		{F34CD6FB-9935-4B5D-BDE3-645B8270117D}.Release|Any CPU.ActiveCfg = Release|Any CPU
		{F34CD6FB-9935-4B5D-BDE3-645B8270117D}.Release|Any CPU.Build.0 = Release|Any CPU
		{8290EE46-D8A4-41DF-9B33-14AA265E9601}.Debug|Any CPU.ActiveCfg = Debug|Any CPU
		{8290EE46-D8A4-41DF-9B33-14AA265E9601}.Debug|Any CPU.Build.0 = Debug|Any CPU
		{8290EE46-D8A4-41DF-9B33-14AA265E9601}.Release|Any CPU.ActiveCfg = Release|Any CPU
		{8290EE46-D8A4-41DF-9B33-14AA265E9601}.Release|Any CPU.Build.0 = Release|Any CPU
		{FEFB9124-93E2-498C-B6BA-074D17B28FF8}.Debug|Any CPU.ActiveCfg = Debug|Any CPU
		{FEFB9124-93E2-498C-B6BA-074D17B28FF8}.Debug|Any CPU.Build.0 = Debug|Any CPU
		{FEFB9124-93E2-498C-B6BA-074D17B28FF8}.Release|Any CPU.ActiveCfg = Release|Any CPU
		{FEFB9124-93E2-498C-B6BA-074D17B28FF8}.Release|Any CPU.Build.0 = Release|Any CPU
	EndGlobalSection
	GlobalSection(SolutionProperties) = preSolution
		HideSolutionNode = FALSE
	EndGlobalSection
EndGlobal
